{
  "meteor": {},
  "dependencies": {
    "basePackages": {
      "fontawesome4": {}
    },
    "packages": {
      "fontawesome4": {
        "git": "https://github.com/chrismbeckett/meteor-fontawesome4.git",
        "tag": "v1.0.0",
        "commit": "fe38ec775e974f0f7855d1693dc74fd4f1b4848c"
      }
    }
  }
}
